// !$*UTF8*$!
{
	archiveVersion = 1;
	classes = {
	};
	objectVersion = 46;
	objects = {

/* Begin PBXBuildFile section */
		1976D4671BD7D97C0066896E /* SDL_image.framework in Frameworks */ = {isa = PBXBuildFile; fileRef = 1976D4651BD7D97C0066896E /* SDL_image.framework */; };
		1976D4681BD7D97C0066896E /* SDL.framework in Frameworks */ = {isa = PBXBuildFile; fileRef = 1976D4661BD7D97C0066896E /* SDL.framework */; };
		198D01251BD7DC2A008A492B /* BRDF.cpp in Sources */ = {isa = PBXBuildFile; fileRef = 198D00CF1BD7DC2A008A492B /* BRDF.cpp */; settings = {ASSET_TAGS = (); }; };
		198D01261BD7DC2A008A492B /* GlossySpecular.cpp in Sources */ = {isa = PBXBuildFile; fileRef = 198D00D11BD7DC2A008A492B /* GlossySpecular.cpp */; settings = {ASSET_TAGS = (); }; };
		198D01271BD7DC2A008A492B /* Lambertian.cpp in Sources */ = {isa = PBXBuildFile; fileRef = 198D00D31BD7DC2A008A492B /* Lambertian.cpp */; settings = {ASSET_TAGS = (); }; };
		198D01281BD7DC2A008A492B /* PerfectSpecular.cpp in Sources */ = {isa = PBXBuildFile; fileRef = 198D00D51BD7DC2A008A492B /* PerfectSpecular.cpp */; settings = {ASSET_TAGS = (); }; };
		198D01291BD7DC2A008A492B /* Camera.cpp in Sources */ = {isa = PBXBuildFile; fileRef = 198D00D81BD7DC2A008A492B /* Camera.cpp */; settings = {ASSET_TAGS = (); }; };
		198D012A1BD7DC2A008A492B /* Pinhole.cpp in Sources */ = {isa = PBXBuildFile; fileRef = 198D00DA1BD7DC2A008A492B /* Pinhole.cpp */; settings = {ASSET_TAGS = (); }; };
		198D012B1BD7DC2A008A492B /* GeometricObject.cpp in Sources */ = {isa = PBXBuildFile; fileRef = 198D00DD1BD7DC2A008A492B /* GeometricObject.cpp */; settings = {ASSET_TAGS = (); }; };
		198D012C1BD7DC2A008A492B /* Plane.cpp in Sources */ = {isa = PBXBuildFile; fileRef = 198D00DF1BD7DC2A008A492B /* Plane.cpp */; settings = {ASSET_TAGS = (); }; };
		198D012D1BD7DC2A008A492B /* Rectangle.cpp in Sources */ = {isa = PBXBuildFile; fileRef = 198D00E11BD7DC2A008A492B /* Rectangle.cpp */; settings = {ASSET_TAGS = (); }; };
		198D012E1BD7DC2A008A492B /* Sphere.cpp in Sources */ = {isa = PBXBuildFile; fileRef = 198D00E31BD7DC2A008A492B /* Sphere.cpp */; settings = {ASSET_TAGS = (); }; };
		198D012F1BD7DC2A008A492B /* Ambient.cpp in Sources */ = {isa = PBXBuildFile; fileRef = 198D00E61BD7DC2A008A492B /* Ambient.cpp */; settings = {ASSET_TAGS = (); }; };
		198D01301BD7DC2A008A492B /* Directional.cpp in Sources */ = {isa = PBXBuildFile; fileRef = 198D00E81BD7DC2A008A492B /* Directional.cpp */; settings = {ASSET_TAGS = (); }; };
		198D01311BD7DC2A008A492B /* Light.cpp in Sources */ = {isa = PBXBuildFile; fileRef = 198D00EA1BD7DC2A008A492B /* Light.cpp */; settings = {ASSET_TAGS = (); }; };
		198D01321BD7DC2A008A492B /* PointLight.cpp in Sources */ = {isa = PBXBuildFile; fileRef = 198D00EC1BD7DC2A008A492B /* PointLight.cpp */; settings = {ASSET_TAGS = (); }; };
		198D01331BD7DC2A008A492B /* main.cpp in Sources */ = {isa = PBXBuildFile; fileRef = 198D00EE1BD7DC2A008A492B /* main.cpp */; settings = {ASSET_TAGS = (); }; };
		198D01341BD7DC2A008A492B /* Material.cpp in Sources */ = {isa = PBXBuildFile; fileRef = 198D00F01BD7DC2A008A492B /* Material.cpp */; settings = {ASSET_TAGS = (); }; };
		198D01351BD7DC2A008A492B /* Matte.cpp in Sources */ = {isa = PBXBuildFile; fileRef = 198D00F21BD7DC2A008A492B /* Matte.cpp */; settings = {ASSET_TAGS = (); }; };
		198D01361BD7DC2A008A492B /* Phong.cpp in Sources */ = {isa = PBXBuildFile; fileRef = 198D00F41BD7DC2A008A492B /* Phong.cpp */; settings = {ASSET_TAGS = (); }; };
		198D01371BD7DC2A008A492B /* Reflective.cpp in Sources */ = {isa = PBXBuildFile; fileRef = 198D00F61BD7DC2A008A492B /* Reflective.cpp */; settings = {ASSET_TAGS = (); }; };
		198D01381BD7DC2A008A492B /* MultiJittered.cpp in Sources */ = {isa = PBXBuildFile; fileRef = 198D00F91BD7DC2A008A492B /* MultiJittered.cpp */; settings = {ASSET_TAGS = (); }; };
		198D01391BD7DC2A008A492B /* Regular.cpp in Sources */ = {isa = PBXBuildFile; fileRef = 198D00FB1BD7DC2A008A492B /* Regular.cpp */; settings = {ASSET_TAGS = (); }; };
		198D013A1BD7DC2A008A492B /* Sampler.cpp in Sources */ = {isa = PBXBuildFile; fileRef = 198D00FD1BD7DC2A008A492B /* Sampler.cpp */; settings = {ASSET_TAGS = (); }; };
		198D013B1BD7DC2A008A492B /* MultipleObjects.cpp in Sources */ = {isa = PBXBuildFile; fileRef = 198D01001BD7DC2A008A492B /* MultipleObjects.cpp */; settings = {ASSET_TAGS = (); }; };
		198D013C1BD7DC2A008A492B /* RayCast.cpp in Sources */ = {isa = PBXBuildFile; fileRef = 198D01021BD7DC2A008A492B /* RayCast.cpp */; settings = {ASSET_TAGS = (); }; };
		198D013D1BD7DC2A008A492B /* SingleSphere.cpp in Sources */ = {isa = PBXBuildFile; fileRef = 198D01041BD7DC2A008A492B /* SingleSphere.cpp */; settings = {ASSET_TAGS = (); }; };
		198D013E1BD7DC2A008A492B /* Tracer.cpp in Sources */ = {isa = PBXBuildFile; fileRef = 198D01061BD7DC2A008A492B /* Tracer.cpp */; settings = {ASSET_TAGS = (); }; };
		198D013F1BD7DC2A008A492B /* Whitted.cpp in Sources */ = {isa = PBXBuildFile; fileRef = 198D01081BD7DC2A008A492B /* Whitted.cpp */; settings = {ASSET_TAGS = (); }; };
		198D01401BD7DC2A008A492B /* BBox.cpp in Sources */ = {isa = PBXBuildFile; fileRef = 198D010B1BD7DC2A008A492B /* BBox.cpp */; settings = {ASSET_TAGS = (); }; };
		198D01411BD7DC2A008A492B /* Math.cpp in Sources */ = {isa = PBXBuildFile; fileRef = 198D010E1BD7DC2A008A492B /* Math.cpp */; settings = {ASSET_TAGS = (); }; };
		198D01421BD7DC2A008A492B /* Matrix.cpp in Sources */ = {isa = PBXBuildFile; fileRef = 198D01101BD7DC2A008A492B /* Matrix.cpp */; settings = {ASSET_TAGS = (); }; };
		198D01431BD7DC2A008A492B /* Normal.cpp in Sources */ = {isa = PBXBuildFile; fileRef = 198D01121BD7DC2A008A492B /* Normal.cpp */; settings = {ASSET_TAGS = (); }; };
		198D01441BD7DC2A008A492B /* Point2D.cpp in Sources */ = {isa = PBXBuildFile; fileRef = 198D01141BD7DC2A008A492B /* Point2D.cpp */; settings = {ASSET_TAGS = (); }; };
		198D01451BD7DC2A008A492B /* Point3D.cpp in Sources */ = {isa = PBXBuildFile; fileRef = 198D01161BD7DC2A008A492B /* Point3D.cpp */; settings = {ASSET_TAGS = (); }; };
		198D01461BD7DC2A008A492B /* Ray.cpp in Sources */ = {isa = PBXBuildFile; fileRef = 198D01181BD7DC2A008A492B /* Ray.cpp */; settings = {ASSET_TAGS = (); }; };
		198D01471BD7DC2A008A492B /* RGBColor.cpp in Sources */ = {isa = PBXBuildFile; fileRef = 198D011A1BD7DC2A008A492B /* RGBColor.cpp */; settings = {ASSET_TAGS = (); }; };
		198D01481BD7DC2A008A492B /* ShadeRec.cpp in Sources */ = {isa = PBXBuildFile; fileRef = 198D011C1BD7DC2A008A492B /* ShadeRec.cpp */; settings = {ASSET_TAGS = (); }; };
		198D01491BD7DC2A008A492B /* Vector3D.cpp in Sources */ = {isa = PBXBuildFile; fileRef = 198D011E1BD7DC2A008A492B /* Vector3D.cpp */; settings = {ASSET_TAGS = (); }; };
		198D014A1BD7DC2A008A492B /* ViewPlane.cpp in Sources */ = {isa = PBXBuildFile; fileRef = 198D01211BD7DC2A008A492B /* ViewPlane.cpp */; settings = {ASSET_TAGS = (); }; };
		198D014B1BD7DC2A008A492B /* World.cpp in Sources */ = {isa = PBXBuildFile; fileRef = 198D01231BD7DC2A008A492B /* World.cpp */; settings = {ASSET_TAGS = (); }; };
/* End PBXBuildFile section */

/* Begin PBXCopyFilesBuildPhase section */
		1976D3DB1BD7D8E20066896E /* CopyFiles */ = {
			isa = PBXCopyFilesBuildPhase;
			buildActionMask = 2147483647;
			dstPath = /usr/share/man/man1/;
			dstSubfolderSpec = 0;
			files = (
			);
			runOnlyForDeploymentPostprocessing = 1;
		};
/* End PBXCopyFilesBuildPhase section */

/* Begin PBXFileReference section */
		1976D3DD1BD7D8E20066896E /* TinyRay */ = {isa = PBXFileReference; explicitFileType = "compiled.mach-o.executable"; includeInIndex = 0; path = TinyRay; sourceTree = BUILT_PRODUCTS_DIR; };
		1976D4651BD7D97C0066896E /* SDL_image.framework */ = {isa = PBXFileReference; lastKnownFileType = wrapper.framework; path = SDL_image.framework; sourceTree = "<group>"; };
		1976D4661BD7D97C0066896E /* SDL.framework */ = {isa = PBXFileReference; lastKnownFileType = wrapper.framework; path = SDL.framework; sourceTree = "<group>"; };
		198D00CF1BD7DC2A008A492B /* BRDF.cpp */ = {isa = PBXFileReference; fileEncoding = 4; lastKnownFileType = sourcecode.cpp.cpp; path = BRDF.cpp; sourceTree = "<group>"; };
		198D00D01BD7DC2A008A492B /* BRDF.h */ = {isa = PBXFileReference; fileEncoding = 4; lastKnownFileType = sourcecode.c.h; path = BRDF.h; sourceTree = "<group>"; };
		198D00D11BD7DC2A008A492B /* GlossySpecular.cpp */ = {isa = PBXFileReference; fileEncoding = 4; lastKnownFileType = sourcecode.cpp.cpp; path = GlossySpecular.cpp; sourceTree = "<group>"; };
		198D00D21BD7DC2A008A492B /* GlossySpecular.h */ = {isa = PBXFileReference; fileEncoding = 4; lastKnownFileType = sourcecode.c.h; path = GlossySpecular.h; sourceTree = "<group>"; };
		198D00D31BD7DC2A008A492B /* Lambertian.cpp */ = {isa = PBXFileReference; fileEncoding = 4; lastKnownFileType = sourcecode.cpp.cpp; path = Lambertian.cpp; sourceTree = "<group>"; };
		198D00D41BD7DC2A008A492B /* Lambertian.h */ = {isa = PBXFileReference; fileEncoding = 4; lastKnownFileType = sourcecode.c.h; path = Lambertian.h; sourceTree = "<group>"; };
		198D00D51BD7DC2A008A492B /* PerfectSpecular.cpp */ = {isa = PBXFileReference; fileEncoding = 4; lastKnownFileType = sourcecode.cpp.cpp; path = PerfectSpecular.cpp; sourceTree = "<group>"; };
		198D00D61BD7DC2A008A492B /* PerfectSpecular.h */ = {isa = PBXFileReference; fileEncoding = 4; lastKnownFileType = sourcecode.c.h; path = PerfectSpecular.h; sourceTree = "<group>"; };
		198D00D81BD7DC2A008A492B /* Camera.cpp */ = {isa = PBXFileReference; fileEncoding = 4; lastKnownFileType = sourcecode.cpp.cpp; path = Camera.cpp; sourceTree = "<group>"; };
		198D00D91BD7DC2A008A492B /* Camera.h */ = {isa = PBXFileReference; fileEncoding = 4; lastKnownFileType = sourcecode.c.h; path = Camera.h; sourceTree = "<group>"; };
		198D00DA1BD7DC2A008A492B /* Pinhole.cpp */ = {isa = PBXFileReference; fileEncoding = 4; lastKnownFileType = sourcecode.cpp.cpp; path = Pinhole.cpp; sourceTree = "<group>"; };
		198D00DB1BD7DC2A008A492B /* Pinhole.h */ = {isa = PBXFileReference; fileEncoding = 4; lastKnownFileType = sourcecode.c.h; path = Pinhole.h; sourceTree = "<group>"; };
		198D00DD1BD7DC2A008A492B /* GeometricObject.cpp */ = {isa = PBXFileReference; fileEncoding = 4; lastKnownFileType = sourcecode.cpp.cpp; path = GeometricObject.cpp; sourceTree = "<group>"; };
		198D00DE1BD7DC2A008A492B /* GeometricObject.h */ = {isa = PBXFileReference; fileEncoding = 4; lastKnownFileType = sourcecode.c.h; path = GeometricObject.h; sourceTree = "<group>"; };
		198D00DF1BD7DC2A008A492B /* Plane.cpp */ = {isa = PBXFileReference; fileEncoding = 4; lastKnownFileType = sourcecode.cpp.cpp; path = Plane.cpp; sourceTree = "<group>"; };
		198D00E01BD7DC2A008A492B /* Plane.h */ = {isa = PBXFileReference; fileEncoding = 4; lastKnownFileType = sourcecode.c.h; path = Plane.h; sourceTree = "<group>"; };
		198D00E11BD7DC2A008A492B /* Rectangle.cpp */ = {isa = PBXFileReference; fileEncoding = 4; lastKnownFileType = sourcecode.cpp.cpp; path = Rectangle.cpp; sourceTree = "<group>"; };
		198D00E21BD7DC2A008A492B /* Rectangle.h */ = {isa = PBXFileReference; fileEncoding = 4; lastKnownFileType = sourcecode.c.h; path = Rectangle.h; sourceTree = "<group>"; };
		198D00E31BD7DC2A008A492B /* Sphere.cpp */ = {isa = PBXFileReference; fileEncoding = 4; lastKnownFileType = sourcecode.cpp.cpp; path = Sphere.cpp; sourceTree = "<group>"; };
		198D00E41BD7DC2A008A492B /* Sphere.h */ = {isa = PBXFileReference; fileEncoding = 4; lastKnownFileType = sourcecode.c.h; path = Sphere.h; sourceTree = "<group>"; };
		198D00E61BD7DC2A008A492B /* Ambient.cpp */ = {isa = PBXFileReference; fileEncoding = 4; lastKnownFileType = sourcecode.cpp.cpp; path = Ambient.cpp; sourceTree = "<group>"; };
		198D00E71BD7DC2A008A492B /* Ambient.h */ = {isa = PBXFileReference; fileEncoding = 4; lastKnownFileType = sourcecode.c.h; path = Ambient.h; sourceTree = "<group>"; };
		198D00E81BD7DC2A008A492B /* Directional.cpp */ = {isa = PBXFileReference; fileEncoding = 4; lastKnownFileType = sourcecode.cpp.cpp; path = Directional.cpp; sourceTree = "<group>"; };
		198D00E91BD7DC2A008A492B /* Directional.h */ = {isa = PBXFileReference; fileEncoding = 4; lastKnownFileType = sourcecode.c.h; path = Directional.h; sourceTree = "<group>"; };
		198D00EA1BD7DC2A008A492B /* Light.cpp */ = {isa = PBXFileReference; fileEncoding = 4; lastKnownFileType = sourcecode.cpp.cpp; path = Light.cpp; sourceTree = "<group>"; };
		198D00EB1BD7DC2A008A492B /* Light.h */ = {isa = PBXFileReference; fileEncoding = 4; lastKnownFileType = sourcecode.c.h; path = Light.h; sourceTree = "<group>"; };
		198D00EC1BD7DC2A008A492B /* PointLight.cpp */ = {isa = PBXFileReference; fileEncoding = 4; lastKnownFileType = sourcecode.cpp.cpp; path = PointLight.cpp; sourceTree = "<group>"; };
		198D00ED1BD7DC2A008A492B /* PointLight.h */ = {isa = PBXFileReference; fileEncoding = 4; lastKnownFileType = sourcecode.c.h; path = PointLight.h; sourceTree = "<group>"; };
		198D00EE1BD7DC2A008A492B /* main.cpp */ = {isa = PBXFileReference; fileEncoding = 4; lastKnownFileType = sourcecode.cpp.cpp; path = main.cpp; sourceTree = "<group>"; };
		198D00F01BD7DC2A008A492B /* Material.cpp */ = {isa = PBXFileReference; fileEncoding = 4; lastKnownFileType = sourcecode.cpp.cpp; path = Material.cpp; sourceTree = "<group>"; };
		198D00F11BD7DC2A008A492B /* Material.h */ = {isa = PBXFileReference; fileEncoding = 4; lastKnownFileType = sourcecode.c.h; path = Material.h; sourceTree = "<group>"; };
		198D00F21BD7DC2A008A492B /* Matte.cpp */ = {isa = PBXFileReference; fileEncoding = 4; lastKnownFileType = sourcecode.cpp.cpp; path = Matte.cpp; sourceTree = "<group>"; };
		198D00F31BD7DC2A008A492B /* Matte.h */ = {isa = PBXFileReference; fileEncoding = 4; lastKnownFileType = sourcecode.c.h; path = Matte.h; sourceTree = "<group>"; };
		198D00F41BD7DC2A008A492B /* Phong.cpp */ = {isa = PBXFileReference; fileEncoding = 4; lastKnownFileType = sourcecode.cpp.cpp; path = Phong.cpp; sourceTree = "<group>"; };
		198D00F51BD7DC2A008A492B /* Phong.h */ = {isa = PBXFileReference; fileEncoding = 4; lastKnownFileType = sourcecode.c.h; path = Phong.h; sourceTree = "<group>"; };
		198D00F61BD7DC2A008A492B /* Reflective.cpp */ = {isa = PBXFileReference; fileEncoding = 4; lastKnownFileType = sourcecode.cpp.cpp; path = Reflective.cpp; sourceTree = "<group>"; };
		198D00F71BD7DC2A008A492B /* Reflective.h */ = {isa = PBXFileReference; fileEncoding = 4; lastKnownFileType = sourcecode.c.h; path = Reflective.h; sourceTree = "<group>"; };
		198D00F91BD7DC2A008A492B /* MultiJittered.cpp */ = {isa = PBXFileReference; fileEncoding = 4; lastKnownFileType = sourcecode.cpp.cpp; path = MultiJittered.cpp; sourceTree = "<group>"; };
		198D00FA1BD7DC2A008A492B /* MultiJittered.h */ = {isa = PBXFileReference; fileEncoding = 4; lastKnownFileType = sourcecode.c.h; path = MultiJittered.h; sourceTree = "<group>"; };
		198D00FB1BD7DC2A008A492B /* Regular.cpp */ = {isa = PBXFileReference; fileEncoding = 4; lastKnownFileType = sourcecode.cpp.cpp; path = Regular.cpp; sourceTree = "<group>"; };
		198D00FC1BD7DC2A008A492B /* Regular.h */ = {isa = PBXFileReference; fileEncoding = 4; lastKnownFileType = sourcecode.c.h; path = Regular.h; sourceTree = "<group>"; };
		198D00FD1BD7DC2A008A492B /* Sampler.cpp */ = {isa = PBXFileReference; fileEncoding = 4; lastKnownFileType = sourcecode.cpp.cpp; path = Sampler.cpp; sourceTree = "<group>"; };
		198D00FE1BD7DC2A008A492B /* Sampler.h */ = {isa = PBXFileReference; fileEncoding = 4; lastKnownFileType = sourcecode.c.h; path = Sampler.h; sourceTree = "<group>"; };
		198D01001BD7DC2A008A492B /* MultipleObjects.cpp */ = {isa = PBXFileReference; fileEncoding = 4; lastKnownFileType = sourcecode.cpp.cpp; path = MultipleObjects.cpp; sourceTree = "<group>"; };
		198D01011BD7DC2A008A492B /* MultipleObjects.h */ = {isa = PBXFileReference; fileEncoding = 4; lastKnownFileType = sourcecode.c.h; path = MultipleObjects.h; sourceTree = "<group>"; };
		198D01021BD7DC2A008A492B /* RayCast.cpp */ = {isa = PBXFileReference; fileEncoding = 4; lastKnownFileType = sourcecode.cpp.cpp; path = RayCast.cpp; sourceTree = "<group>"; };
		198D01031BD7DC2A008A492B /* RayCast.h */ = {isa = PBXFileReference; fileEncoding = 4; lastKnownFileType = sourcecode.c.h; path = RayCast.h; sourceTree = "<group>"; };
		198D01041BD7DC2A008A492B /* SingleSphere.cpp */ = {isa = PBXFileReference; fileEncoding = 4; lastKnownFileType = sourcecode.cpp.cpp; path = SingleSphere.cpp; sourceTree = "<group>"; };
		198D01051BD7DC2A008A492B /* SingleSphere.h */ = {isa = PBXFileReference; fileEncoding = 4; lastKnownFileType = sourcecode.c.h; path = SingleSphere.h; sourceTree = "<group>"; };
		198D01061BD7DC2A008A492B /* Tracer.cpp */ = {isa = PBXFileReference; fileEncoding = 4; lastKnownFileType = sourcecode.cpp.cpp; path = Tracer.cpp; sourceTree = "<group>"; };
		198D01071BD7DC2A008A492B /* Tracer.h */ = {isa = PBXFileReference; fileEncoding = 4; lastKnownFileType = sourcecode.c.h; path = Tracer.h; sourceTree = "<group>"; };
		198D01081BD7DC2A008A492B /* Whitted.cpp */ = {isa = PBXFileReference; fileEncoding = 4; lastKnownFileType = sourcecode.cpp.cpp; path = Whitted.cpp; sourceTree = "<group>"; };
		198D01091BD7DC2A008A492B /* Whitted.h */ = {isa = PBXFileReference; fileEncoding = 4; lastKnownFileType = sourcecode.c.h; path = Whitted.h; sourceTree = "<group>"; };
		198D010B1BD7DC2A008A492B /* BBox.cpp */ = {isa = PBXFileReference; fileEncoding = 4; lastKnownFileType = sourcecode.cpp.cpp; path = BBox.cpp; sourceTree = "<group>"; };
		198D010C1BD7DC2A008A492B /* BBox.h */ = {isa = PBXFileReference; fileEncoding = 4; lastKnownFileType = sourcecode.c.h; path = BBox.h; sourceTree = "<group>"; };
		198D010D1BD7DC2A008A492B /* Constants.h */ = {isa = PBXFileReference; fileEncoding = 4; lastKnownFileType = sourcecode.c.h; path = Constants.h; sourceTree = "<group>"; };
		198D010E1BD7DC2A008A492B /* Math.cpp */ = {isa = PBXFileReference; fileEncoding = 4; lastKnownFileType = sourcecode.cpp.cpp; path = Math.cpp; sourceTree = "<group>"; };
		198D010F1BD7DC2A008A492B /* Math.h */ = {isa = PBXFileReference; fileEncoding = 4; lastKnownFileType = sourcecode.c.h; path = Math.h; sourceTree = "<group>"; };
		198D01101BD7DC2A008A492B /* Matrix.cpp */ = {isa = PBXFileReference; fileEncoding = 4; lastKnownFileType = sourcecode.cpp.cpp; path = Matrix.cpp; sourceTree = "<group>"; };
		198D01111BD7DC2A008A492B /* Matrix.h */ = {isa = PBXFileReference; fileEncoding = 4; lastKnownFileType = sourcecode.c.h; path = Matrix.h; sourceTree = "<group>"; };
		198D01121BD7DC2A008A492B /* Normal.cpp */ = {isa = PBXFileReference; fileEncoding = 4; lastKnownFileType = sourcecode.cpp.cpp; path = Normal.cpp; sourceTree = "<group>"; };
		198D01131BD7DC2A008A492B /* Normal.h */ = {isa = PBXFileReference; fileEncoding = 4; lastKnownFileType = sourcecode.c.h; path = Normal.h; sourceTree = "<group>"; };
		198D01141BD7DC2A008A492B /* Point2D.cpp */ = {isa = PBXFileReference; fileEncoding = 4; lastKnownFileType = sourcecode.cpp.cpp; path = Point2D.cpp; sourceTree = "<group>"; };
		198D01151BD7DC2A008A492B /* Point2D.h */ = {isa = PBXFileReference; fileEncoding = 4; lastKnownFileType = sourcecode.c.h; path = Point2D.h; sourceTree = "<group>"; };
		198D01161BD7DC2A008A492B /* Point3D.cpp */ = {isa = PBXFileReference; fileEncoding = 4; lastKnownFileType = sourcecode.cpp.cpp; path = Point3D.cpp; sourceTree = "<group>"; };
		198D01171BD7DC2A008A492B /* Point3D.h */ = {isa = PBXFileReference; fileEncoding = 4; lastKnownFileType = sourcecode.c.h; path = Point3D.h; sourceTree = "<group>"; };
		198D01181BD7DC2A008A492B /* Ray.cpp */ = {isa = PBXFileReference; fileEncoding = 4; lastKnownFileType = sourcecode.cpp.cpp; path = Ray.cpp; sourceTree = "<group>"; };
		198D01191BD7DC2A008A492B /* Ray.h */ = {isa = PBXFileReference; fileEncoding = 4; lastKnownFileType = sourcecode.c.h; path = Ray.h; sourceTree = "<group>"; };
		198D011A1BD7DC2A008A492B /* RGBColor.cpp */ = {isa = PBXFileReference; fileEncoding = 4; lastKnownFileType = sourcecode.cpp.cpp; path = RGBColor.cpp; sourceTree = "<group>"; };
		198D011B1BD7DC2A008A492B /* RGBColor.h */ = {isa = PBXFileReference; fileEncoding = 4; lastKnownFileType = sourcecode.c.h; path = RGBColor.h; sourceTree = "<group>"; };
		198D011C1BD7DC2A008A492B /* ShadeRec.cpp */ = {isa = PBXFileReference; fileEncoding = 4; lastKnownFileType = sourcecode.cpp.cpp; path = ShadeRec.cpp; sourceTree = "<group>"; };
		198D011D1BD7DC2A008A492B /* ShadeRec.h */ = {isa = PBXFileReference; fileEncoding = 4; lastKnownFileType = sourcecode.c.h; path = ShadeRec.h; sourceTree = "<group>"; };
		198D011E1BD7DC2A008A492B /* Vector3D.cpp */ = {isa = PBXFileReference; fileEncoding = 4; lastKnownFileType = sourcecode.cpp.cpp; path = Vector3D.cpp; sourceTree = "<group>"; };
		198D011F1BD7DC2A008A492B /* Vector3D.h */ = {isa = PBXFileReference; fileEncoding = 4; lastKnownFileType = sourcecode.c.h; path = Vector3D.h; sourceTree = "<group>"; };
		198D01211BD7DC2A008A492B /* ViewPlane.cpp */ = {isa = PBXFileReference; fileEncoding = 4; lastKnownFileType = sourcecode.cpp.cpp; path = ViewPlane.cpp; sourceTree = "<group>"; };
		198D01221BD7DC2A008A492B /* ViewPlane.h */ = {isa = PBXFileReference; fileEncoding = 4; lastKnownFileType = sourcecode.c.h; path = ViewPlane.h; sourceTree = "<group>"; };
		198D01231BD7DC2A008A492B /* World.cpp */ = {isa = PBXFileReference; fileEncoding = 4; lastKnownFileType = sourcecode.cpp.cpp; path = World.cpp; sourceTree = "<group>"; };
		198D01241BD7DC2A008A492B /* World.h */ = {isa = PBXFileReference; fileEncoding = 4; lastKnownFileType = sourcecode.c.h; path = World.h; sourceTree = "<group>"; };
/* End PBXFileReference section */

/* Begin PBXFrameworksBuildPhase section */
		1976D3DA1BD7D8E20066896E /* Frameworks */ = {
			isa = PBXFrameworksBuildPhase;
			buildActionMask = 2147483647;
			files = (
				1976D4671BD7D97C0066896E /* SDL_image.framework in Frameworks */,
				1976D4681BD7D97C0066896E /* SDL.framework in Frameworks */,
			);
			runOnlyForDeploymentPostprocessing = 0;
		};
/* End PBXFrameworksBuildPhase section */

/* Begin PBXGroup section */
		1976D3D41BD7D8E10066896E = {
			isa = PBXGroup;
			children = (
				1976D4661BD7D97C0066896E /* SDL.framework */,
				1976D4651BD7D97C0066896E /* SDL_image.framework */,
				198D00CE1BD7DC2A008A492B /* BDRF */,
				198D00D71BD7DC2A008A492B /* Camera */,
				198D00DC1BD7DC2A008A492B /* GeometricObjects */,
				198D00E51BD7DC2A008A492B /* Lgihts */,
				198D00EE1BD7DC2A008A492B /* main.cpp */,
				198D00EF1BD7DC2A008A492B /* Materials */,
				198D00F81BD7DC2A008A492B /* Sampler */,
				198D00FF1BD7DC2A008A492B /* Tracer */,
				198D010A1BD7DC2A008A492B /* Utilities */,
				198D01201BD7DC2A008A492B /* World */,
				1976D3DE1BD7D8E20066896E /* Products */,
			);
			sourceTree = "<group>";
		};
		1976D3DE1BD7D8E20066896E /* Products */ = {
			isa = PBXGroup;
			children = (
				1976D3DD1BD7D8E20066896E /* TinyRay */,
			);
			name = Products;
			sourceTree = "<group>";
		};
		198D00CE1BD7DC2A008A492B /* BDRF */ = {
			isa = PBXGroup;
			children = (
				198D00CF1BD7DC2A008A492B /* BRDF.cpp */,
				198D00D01BD7DC2A008A492B /* BRDF.h */,
				198D00D11BD7DC2A008A492B /* GlossySpecular.cpp */,
				198D00D21BD7DC2A008A492B /* GlossySpecular.h */,
				198D00D31BD7DC2A008A492B /* Lambertian.cpp */,
				198D00D41BD7DC2A008A492B /* Lambertian.h */,
				198D00D51BD7DC2A008A492B /* PerfectSpecular.cpp */,
				198D00D61BD7DC2A008A492B /* PerfectSpecular.h */,
			);
			path = BDRF;
			sourceTree = "<group>";
		};
		198D00D71BD7DC2A008A492B /* Camera */ = {
			isa = PBXGroup;
			children = (
				198D00D81BD7DC2A008A492B /* Camera.cpp */,
				198D00D91BD7DC2A008A492B /* Camera.h */,
				198D00DA1BD7DC2A008A492B /* Pinhole.cpp */,
				198D00DB1BD7DC2A008A492B /* Pinhole.h */,
			);
			path = Camera;
			sourceTree = "<group>";
		};
		198D00DC1BD7DC2A008A492B /* GeometricObjects */ = {
			isa = PBXGroup;
			children = (
				198D00DD1BD7DC2A008A492B /* GeometricObject.cpp */,
				198D00DE1BD7DC2A008A492B /* GeometricObject.h */,
				198D00DF1BD7DC2A008A492B /* Plane.cpp */,
				198D00E01BD7DC2A008A492B /* Plane.h */,
				198D00E11BD7DC2A008A492B /* Rectangle.cpp */,
				198D00E21BD7DC2A008A492B /* Rectangle.h */,
				198D00E31BD7DC2A008A492B /* Sphere.cpp */,
				198D00E41BD7DC2A008A492B /* Sphere.h */,
			);
			path = GeometricObjects;
			sourceTree = "<group>";
		};
		198D00E51BD7DC2A008A492B /* Lgihts */ = {
			isa = PBXGroup;
			children = (
				198D00E61BD7DC2A008A492B /* Ambient.cpp */,
				198D00E71BD7DC2A008A492B /* Ambient.h */,
				198D00E81BD7DC2A008A492B /* Directional.cpp */,
				198D00E91BD7DC2A008A492B /* Directional.h */,
				198D00EA1BD7DC2A008A492B /* Light.cpp */,
				198D00EB1BD7DC2A008A492B /* Light.h */,
				198D00EC1BD7DC2A008A492B /* PointLight.cpp */,
				198D00ED1BD7DC2A008A492B /* PointLight.h */,
			);
			path = Lgihts;
			sourceTree = "<group>";
		};
		198D00EF1BD7DC2A008A492B /* Materials */ = {
			isa = PBXGroup;
			children = (
				198D00F01BD7DC2A008A492B /* Material.cpp */,
				198D00F11BD7DC2A008A492B /* Material.h */,
				198D00F21BD7DC2A008A492B /* Matte.cpp */,
				198D00F31BD7DC2A008A492B /* Matte.h */,
				198D00F41BD7DC2A008A492B /* Phong.cpp */,
				198D00F51BD7DC2A008A492B /* Phong.h */,
				198D00F61BD7DC2A008A492B /* Reflective.cpp */,
				198D00F71BD7DC2A008A492B /* Reflective.h */,
			);
			path = Materials;
			sourceTree = "<group>";
		};
		198D00F81BD7DC2A008A492B /* Sampler */ = {
			isa = PBXGroup;
			children = (
				198D00F91BD7DC2A008A492B /* MultiJittered.cpp */,
				198D00FA1BD7DC2A008A492B /* MultiJittered.h */,
				198D00FB1BD7DC2A008A492B /* Regular.cpp */,
				198D00FC1BD7DC2A008A492B /* Regular.h */,
				198D00FD1BD7DC2A008A492B /* Sampler.cpp */,
				198D00FE1BD7DC2A008A492B /* Sampler.h */,
			);
			path = Sampler;
			sourceTree = "<group>";
		};
		198D00FF1BD7DC2A008A492B /* Tracer */ = {
			isa = PBXGroup;
			children = (
				198D01001BD7DC2A008A492B /* MultipleObjects.cpp */,
				198D01011BD7DC2A008A492B /* MultipleObjects.h */,
				198D01021BD7DC2A008A492B /* RayCast.cpp */,
				198D01031BD7DC2A008A492B /* RayCast.h */,
				198D01041BD7DC2A008A492B /* SingleSphere.cpp */,
				198D01051BD7DC2A008A492B /* SingleSphere.h */,
				198D01061BD7DC2A008A492B /* Tracer.cpp */,
				198D01071BD7DC2A008A492B /* Tracer.h */,
				198D01081BD7DC2A008A492B /* Whitted.cpp */,
				198D01091BD7DC2A008A492B /* Whitted.h */,
			);
			path = Tracer;
			sourceTree = "<group>";
		};
		198D010A1BD7DC2A008A492B /* Utilities */ = {
			isa = PBXGroup;
			children = (
				198D010B1BD7DC2A008A492B /* BBox.cpp */,
				198D010C1BD7DC2A008A492B /* BBox.h */,
				198D010D1BD7DC2A008A492B /* Constants.h */,
				198D010E1BD7DC2A008A492B /* Math.cpp */,
				198D010F1BD7DC2A008A492B /* Math.h */,
				198D01101BD7DC2A008A492B /* Matrix.cpp */,
				198D01111BD7DC2A008A492B /* Matrix.h */,
				198D01121BD7DC2A008A492B /* Normal.cpp */,
				198D01131BD7DC2A008A492B /* Normal.h */,
				198D01141BD7DC2A008A492B /* Point2D.cpp */,
				198D01151BD7DC2A008A492B /* Point2D.h */,
				198D01161BD7DC2A008A492B /* Point3D.cpp */,
				198D01171BD7DC2A008A492B /* Point3D.h */,
				198D01181BD7DC2A008A492B /* Ray.cpp */,
				198D01191BD7DC2A008A492B /* Ray.h */,
				198D011A1BD7DC2A008A492B /* RGBColor.cpp */,
				198D011B1BD7DC2A008A492B /* RGBColor.h */,
				198D011C1BD7DC2A008A492B /* ShadeRec.cpp */,
				198D011D1BD7DC2A008A492B /* ShadeRec.h */,
				198D011E1BD7DC2A008A492B /* Vector3D.cpp */,
				198D011F1BD7DC2A008A492B /* Vector3D.h */,
			);
			path = Utilities;
			sourceTree = "<group>";
		};
		198D01201BD7DC2A008A492B /* World */ = {
			isa = PBXGroup;
			children = (
				198D01211BD7DC2A008A492B /* ViewPlane.cpp */,
				198D01221BD7DC2A008A492B /* ViewPlane.h */,
				198D01231BD7DC2A008A492B /* World.cpp */,
				198D01241BD7DC2A008A492B /* World.h */,
			);
			path = World;
			sourceTree = "<group>";
		};
/* End PBXGroup section */

/* Begin PBXNativeTarget section */
		1976D3DC1BD7D8E20066896E /* TinyRay */ = {
			isa = PBXNativeTarget;
			buildConfigurationList = 1976D3E41BD7D8E20066896E /* Build configuration list for PBXNativeTarget "TinyRay" */;
			buildPhases = (
				1976D3D91BD7D8E20066896E /* Sources */,
				1976D3DA1BD7D8E20066896E /* Frameworks */,
				1976D3DB1BD7D8E20066896E /* CopyFiles */,
			);
			buildRules = (
			);
			dependencies = (
			);
			name = TinyRay;
			productName = TinyRay;
			productReference = 1976D3DD1BD7D8E20066896E /* TinyRay */;
			productType = "com.apple.product-type.tool";
		};
/* End PBXNativeTarget section */

/* Begin PBXProject section */
		1976D3D51BD7D8E10066896E /* Project object */ = {
			isa = PBXProject;
			attributes = {
				LastUpgradeCheck = 0700;
				ORGANIZATIONNAME = eyefrog;
				TargetAttributes = {
					1976D3DC1BD7D8E20066896E = {
						CreatedOnToolsVersion = 7.0.1;
					};
				};
			};
			buildConfigurationList = 1976D3D81BD7D8E10066896E /* Build configuration list for PBXProject "TinyRay" */;
			compatibilityVersion = "Xcode 3.2";
			developmentRegion = English;
			hasScannedForEncodings = 0;
			knownRegions = (
				en,
			);
			mainGroup = 1976D3D41BD7D8E10066896E;
			productRefGroup = 1976D3DE1BD7D8E20066896E /* Products */;
			projectDirPath = "";
			projectRoot = "";
			targets = (
				1976D3DC1BD7D8E20066896E /* TinyRay */,
			);
		};
/* End PBXProject section */

/* Begin PBXSourcesBuildPhase section */
		1976D3D91BD7D8E20066896E /* Sources */ = {
			isa = PBXSourcesBuildPhase;
			buildActionMask = 2147483647;
			files = (
				198D01281BD7DC2A008A492B /* PerfectSpecular.cpp in Sources */,
				198D01311BD7DC2A008A492B /* Light.cpp in Sources */,
				198D013D1BD7DC2A008A492B /* SingleSphere.cpp in Sources */,
				198D012A1BD7DC2A008A492B /* Pinhole.cpp in Sources */,
				198D01351BD7DC2A008A492B /* Matte.cpp in Sources */,
				198D01301BD7DC2A008A492B /* Directional.cpp in Sources */,
				198D012D1BD7DC2A008A492B /* Rectangle.cpp in Sources */,
				198D01391BD7DC2A008A492B /* Regular.cpp in Sources */,
				198D012C1BD7DC2A008A492B /* Plane.cpp in Sources */,
				198D01271BD7DC2A008A492B /* Lambertian.cpp in Sources */,
				198D013B1BD7DC2A008A492B /* MultipleObjects.cpp in Sources */,
				198D01451BD7DC2A008A492B /* Point3D.cpp in Sources */,
				198D01291BD7DC2A008A492B /* Camera.cpp in Sources */,
				198D013C1BD7DC2A008A492B /* RayCast.cpp in Sources */,
				198D01331BD7DC2A008A492B /* main.cpp in Sources */,
				198D01471BD7DC2A008A492B /* RGBColor.cpp in Sources */,
				198D01431BD7DC2A008A492B /* Normal.cpp in Sources */,
				198D01461BD7DC2A008A492B /* Ray.cpp in Sources */,
				198D013F1BD7DC2A008A492B /* Whitted.cpp in Sources */,
				198D014A1BD7DC2A008A492B /* ViewPlane.cpp in Sources */,
				198D01251BD7DC2A008A492B /* BRDF.cpp in Sources */,
				198D01261BD7DC2A008A492B /* GlossySpecular.cpp in Sources */,
				198D01381BD7DC2A008A492B /* MultiJittered.cpp in Sources */,
				198D01371BD7DC2A008A492B /* Reflective.cpp in Sources */,
				198D01361BD7DC2A008A492B /* Phong.cpp in Sources */,
				198D01481BD7DC2A008A492B /* ShadeRec.cpp in Sources */,
				198D013A1BD7DC2A008A492B /* Sampler.cpp in Sources */,
				198D012E1BD7DC2A008A492B /* Sphere.cpp in Sources */,
				198D01341BD7DC2A008A492B /* Material.cpp in Sources */,
				198D014B1BD7DC2A008A492B /* World.cpp in Sources */,
				198D01321BD7DC2A008A492B /* PointLight.cpp in Sources */,
				198D01421BD7DC2A008A492B /* Matrix.cpp in Sources */,
				198D01401BD7DC2A008A492B /* BBox.cpp in Sources */,
				198D012B1BD7DC2A008A492B /* GeometricObject.cpp in Sources */,
				198D01491BD7DC2A008A492B /* Vector3D.cpp in Sources */,
				198D01441BD7DC2A008A492B /* Point2D.cpp in Sources */,
				198D013E1BD7DC2A008A492B /* Tracer.cpp in Sources */,
				198D012F1BD7DC2A008A492B /* Ambient.cpp in Sources */,
				198D01411BD7DC2A008A492B /* Math.cpp in Sources */,
			);
			runOnlyForDeploymentPostprocessing = 0;
		};
/* End PBXSourcesBuildPhase section */

/* Begin XCBuildConfiguration section */
		1976D3E21BD7D8E20066896E /* Debug */ = {
			isa = XCBuildConfiguration;
			buildSettings = {
				ALWAYS_SEARCH_USER_PATHS = NO;
				CLANG_CXX_LANGUAGE_STANDARD = "gnu++0x";
				CLANG_CXX_LIBRARY = "libc++";
				CLANG_ENABLE_MODULES = YES;
				CLANG_ENABLE_OBJC_ARC = YES;
				CLANG_WARN_BOOL_CONVERSION = YES;
				CLANG_WARN_CONSTANT_CONVERSION = YES;
				CLANG_WARN_DIRECT_OBJC_ISA_USAGE = YES_ERROR;
				CLANG_WARN_EMPTY_BODY = YES;
				CLANG_WARN_ENUM_CONVERSION = YES;
				CLANG_WARN_INT_CONVERSION = YES;
				CLANG_WARN_OBJC_ROOT_CLASS = YES_ERROR;
				CLANG_WARN_UNREACHABLE_CODE = YES;
				CLANG_WARN__DUPLICATE_METHOD_MATCH = YES;
				COPY_PHASE_STRIP = NO;
				DEBUG_INFORMATION_FORMAT = dwarf;
				ENABLE_STRICT_OBJC_MSGSEND = YES;
				ENABLE_TESTABILITY = YES;
				GCC_C_LANGUAGE_STANDARD = gnu99;
				GCC_DYNAMIC_NO_PIC = NO;
				GCC_NO_COMMON_BLOCKS = YES;
				GCC_OPTIMIZATION_LEVEL = 0;
				GCC_PREPROCESSOR_DEFINITIONS = (
					"DEBUG=1",
					"$(inherited)",
				);
				GCC_WARN_64_TO_32_BIT_CONVERSION = YES;
				GCC_WARN_ABOUT_RETURN_TYPE = YES_ERROR;
				GCC_WARN_UNDECLARED_SELECTOR = YES;
				GCC_WARN_UNINITIALIZED_AUTOS = YES_AGGRESSIVE;
				GCC_WARN_UNUSED_FUNCTION = YES;
				GCC_WARN_UNUSED_VARIABLE = YES;
				MACOSX_DEPLOYMENT_TARGET = 10.11;
				MTL_ENABLE_DEBUG_INFO = YES;
				ONLY_ACTIVE_ARCH = YES;
				SDKROOT = macosx;
			};
			name = Debug;
		};
		1976D3E31BD7D8E20066896E /* Release */ = {
			isa = XCBuildConfiguration;
			buildSettings = {
				ALWAYS_SEARCH_USER_PATHS = NO;
				CLANG_CXX_LANGUAGE_STANDARD = "gnu++0x";
				CLANG_CXX_LIBRARY = "libc++";
				CLANG_ENABLE_MODULES = YES;
				CLANG_ENABLE_OBJC_ARC = YES;
				CLANG_WARN_BOOL_CONVERSION = YES;
				CLANG_WARN_CONSTANT_CONVERSION = YES;
				CLANG_WARN_DIRECT_OBJC_ISA_USAGE = YES_ERROR;
				CLANG_WARN_EMPTY_BODY = YES;
				CLANG_WARN_ENUM_CONVERSION = YES;
				CLANG_WARN_INT_CONVERSION = YES;
				CLANG_WARN_OBJC_ROOT_CLASS = YES_ERROR;
				CLANG_WARN_UNREACHABLE_CODE = YES;
				CLANG_WARN__DUPLICATE_METHOD_MATCH = YES;
				COPY_PHASE_STRIP = NO;
				DEBUG_INFORMATION_FORMAT = "dwarf-with-dsym";
				ENABLE_NS_ASSERTIONS = NO;
				ENABLE_STRICT_OBJC_MSGSEND = YES;
				GCC_C_LANGUAGE_STANDARD = gnu99;
				GCC_NO_COMMON_BLOCKS = YES;
				GCC_WARN_64_TO_32_BIT_CONVERSION = YES;
				GCC_WARN_ABOUT_RETURN_TYPE = YES_ERROR;
				GCC_WARN_UNDECLARED_SELECTOR = YES;
				GCC_WARN_UNINITIALIZED_AUTOS = YES_AGGRESSIVE;
				GCC_WARN_UNUSED_FUNCTION = YES;
				GCC_WARN_UNUSED_VARIABLE = YES;
				MACOSX_DEPLOYMENT_TARGET = 10.11;
				MTL_ENABLE_DEBUG_INFO = NO;
				SDKROOT = macosx;
			};
			name = Release;
		};
		1976D3E51BD7D8E20066896E /* Debug */ = {
			isa = XCBuildConfiguration;
			buildSettings = {
				FRAMEWORK_SEARCH_PATHS = (
					"$(inherited)",
					"$(PROJECT_DIR)",
				);
				PRODUCT_NAME = "$(TARGET_NAME)";
			};
			name = Debug;
		};
		1976D3E61BD7D8E20066896E /* Release */ = {
			isa = XCBuildConfiguration;
			buildSettings = {
				FRAMEWORK_SEARCH_PATHS = (
					"$(inherited)",
					"$(PROJECT_DIR)",
				);
				PRODUCT_NAME = "$(TARGET_NAME)";
			};
			name = Release;
		};
/* End XCBuildConfiguration section */

/* Begin XCConfigurationList section */
		1976D3D81BD7D8E10066896E /* Build configuration list for PBXProject "TinyRay" */ = {
			isa = XCConfigurationList;
			buildConfigurations = (
				1976D3E21BD7D8E20066896E /* Debug */,
				1976D3E31BD7D8E20066896E /* Release */,
			);
			defaultConfigurationIsVisible = 0;
			defaultConfigurationName = Release;
		};
		1976D3E41BD7D8E20066896E /* Build configuration list for PBXNativeTarget "TinyRay" */ = {
			isa = XCConfigurationList;
			buildConfigurations = (
				1976D3E51BD7D8E20066896E /* Debug */,
				1976D3E61BD7D8E20066896E /* Release */,
			);
			defaultConfigurationIsVisible = 0;
			defaultConfigurationName = Release;
		};
/* End XCConfigurationList section */
	};
	rootObject = 1976D3D51BD7D8E10066896E /* Project object */;
}
